
Microsoft Visual Studio Solution File, Format Version 12.00
# Visual Studio Version 17
VisualStudioVersion = 17.4.33110.190
MinimumVisualStudioVersion = 10.0.40219.1
Project("{FAE04EC0-301F-11D3-BF4B-00C04F79EFBC}") = "InternalAPI", "InternalAPI\InternalAPI.csproj", "{57CB8DBF-9C53-4202-BB3A-5D787A9B3C48}"
EndProject
Global
	GlobalSection(SolutionConfigurationPlatforms) = preSolution
		Debug|Any CPU = Debug|Any CPU
		Release|Any CPU = Release|Any CPU
	EndGlobalSection
	GlobalSection(ProjectConfigurationPlatforms) = postSolution
		{57CB8DBF-9C53-4202-BB3A-5D787A9B3C48}.Debug|Any CPU.ActiveCfg = Debug|Any CPU
		{57CB8DBF-9C53-4202-BB3A-5D787A9B3C48}.Debug|Any CPU.Build.0 = Debug|Any CPU
		{57CB8DBF-9C53-4202-BB3A-5D787A9B3C48}.Release|Any CPU.ActiveCfg = Release|Any CPU
		{57CB8DBF-9C53-4202-BB3A-5D787A9B3C48}.Release|Any CPU.Build.0 = Release|Any CPU
	EndGlobalSection
	GlobalSection(SolutionProperties) = preSolution
		HideSolutionNode = FALSE
	EndGlobalSection
	GlobalSection(ExtensibilityGlobals) = postSolution
		SolutionGuid = {530EB950-DF8C-455F-9701-317A43F51715}
	EndGlobalSection
EndGlobal
